<?xml version="1.0" encoding="utf-8"?>
<Project ToolsVersion="4.0" xmlns="http://schemas.microsoft.com/developer/msbuild/2003">
  <ItemGroup>
    <Filter Include="Source Files">
      <UniqueIdentifier>{4FC737F1-C7A5-4376-A066-2A32D752A2FF}</UniqueIdentifier>
      <Extensions>cpp;c;cc;cxx;def;odl;idl;hpj;bat;asm;asmx</Extensions>
    </Filter>
    <Filter Include="Header Files">
      <UniqueIdentifier>{93995380-89BD-4b04-88EB-625FBE52EBFB}</UniqueIdentifier>
      <Extensions>h;hpp;hxx;hm;inl;inc;xsd</Extensions>
    </Filter>
    <Filter Include="Resource Files">
      <UniqueIdentifier>{67DA6AB6-F800-4c08-8B7A-83BB121AAD01}</UniqueIdentifier>
      <Extensions>rc;ico;cur;bmp;dlg;rc2;rct;bin;rgs;gif;jpg;jpeg;jpe;resx;tiff;tif;png;wav;mfcribbon-ms</Extensions>
    </Filter>
  </ItemGroup>
  <ItemGroup>
    <Text Include="ReadMe.txt" />
    <Text Include="PreprocessTest.txt" />
    <Text Include="PreprocessInclude.txt" />
  </ItemGroup>
  <ItemGroup>
    <ClInclude Include="targetver.h">
      <Filter>Header Files</Filter>
    </ClInclude>
    <ClInclude Include="JSON\json.h">
      <Filter>Header Files</Filter>
    </ClInclude>
    <ClInclude Include="Bundle\BundleDefinition.h">
      <Filter>Header Files</Filter>
    </ClInclude>
    <ClInclude Include="Bundle\Bundle.h">
      <Filter>Header Files</Filter>
    </ClInclude>
    <ClInclude Include="Bundle\HLSLCompiler.h">
      <Filter>Header Files</Filter>
    </ClInclude>
    <ClInclude Include="Bundle\GLSLBundler.h">
      <Filter>Header Files</Filter>
    </ClInclude>
    <ClInclude Include="Bundle\FileNotFoundException.h">
      <Filter>Header Files</Filter>
    </ClInclude>
    <ClInclude Include="Bundle\BundlerFileHelper.h">
      <Filter>Header Files</Filter>
    </ClInclude>
    <ClInclude Include="HLSLParser\HLSLParser.h">
      <Filter>Header Files</Filter>
    </ClInclude>
    <ClInclude Include="HLSLParser\HLSLTokenizer.h">
      <Filter>Header Files</Filter>
    </ClInclude>
    <ClInclude Include="HLSLParser\HLSLToken.h">
      <Filter>Header Files</Filter>
    </ClInclude>
    <ClInclude Include="HLSLParser\HLSLParserException.h">
      <Filter>Header Files</Filter>
    </ClInclude>
    <ClInclude Include="HLSLParser\Preprocessor\Preprocessor.h">
      <Filter>Header Files</Filter>
    </ClInclude>
    <ClInclude Include="HLSLParser\Preprocessor\BinaryOperatorNode.h">
      <Filter>Header Files</Filter>
    </ClInclude>
    <ClInclude Include="HLSLParser\Preprocessor\DirectiveNode.h">
      <Filter>Header Files</Filter>
    </ClInclude>
    <ClInclude Include="HLSLParser\Preprocessor\Exception.h">
      <Filter>Header Files</Filter>
    </ClInclude>
    <ClInclude Include="HLSLParser\Preprocessor\ExpressionNode.h">
      <Filter>Header Files</Filter>
    </ClInclude>
    <ClInclude Include="HLSLParser\Preprocessor\Macro.h">
      <Filter>Header Files</Filter>
    </ClInclude>
    <ClInclude Include="HLSLParser\Preprocessor\Node.h">
      <Filter>Header Files</Filter>
    </ClInclude>
    <ClInclude Include="HLSLParser\Preprocessor\NodeVisitor.h">
      <Filter>Header Files</Filter>
    </ClInclude>
    <ClInclude Include="HLSLParser\Preprocessor\Tokenizer.h">
      <Filter>Header Files</Filter>
    </ClInclude>
    <ClInclude Include="HLSLParser\Preprocessor\UnaryOperatorNode.h">
      <Filter>Header Files</Filter>
    </ClInclude>
    <ClInclude Include="HLSLParser\Preprocessor\GenerateOutputVisitor.h">
      <Filter>Header Files</Filter>
    </ClInclude>
    <ClInclude Include="HLSLParser\Preprocessor\IncludeHandler.h">
      <Filter>Header Files</Filter>
    </ClInclude>
    <ClInclude Include="HLSLParser\Preprocessor\EvaluateVisitor.h">
      <Filter>Header Files</Filter>
    </ClInclude>
    <ClInclude Include="HLSLParser\HLSLNode.h">
      <Filter>Header Files</Filter>
    </ClInclude>
    <ClInclude Include="HLSLParser\HLSLFlowControlNode.h">
      <Filter>Header Files</Filter>
    </ClInclude>
    <ClInclude Include="HLSLParser\HLSLExpressionNode.h">
      <Filter>Header Files</Filter>
    </ClInclude>
    <ClInclude Include="HLSLParser\HLSLStatementNode.h">
      <Filter>Header Files</Filter>
    </ClInclude>
    <ClInclude Include="HLSLParser\HLSLUnaryOperator.h">
      <Filter>Header Files</Filter>
    </ClInclude>
    <ClInclude Include="HLSLParser\HLSLBinaryOperatorNode.h">
      <Filter>Header Files</Filter>
    </ClInclude>
    <ClInclude Include="HLSLParser\HLSLPostfixNode.h">
      <Filter>Header Files</Filter>
    </ClInclude>
    <ClInclude Include="HLSLParser\HLSLTypeNode.h">
      <Filter>Header Files</Filter>
    </ClInclude>
    <ClInclude Include="HLSLParser\HLSLNodeVisitor.h">
      <Filter>Header Files</Filter>
    </ClInclude>
    <ClInclude Include="HLSLParser\GLSLGenerator\GLSLGenerator.h">
      <Filter>Header Files</Filter>
    </ClInclude>
    <ClInclude Include="HLSLParser\GLSLGenerator\GLSLTypeStorage.h">
      <Filter>Header Files</Filter>
    </ClInclude>
    <ClInclude Include="HLSLParser\HLSLPrefixNode.h">
      <Filter>Header Files</Filter>
    </ClInclude>
    <ClInclude Include="HLSLParser\HLSLTypeVisitor.h">
      <Filter>Header Files</Filter>
    </ClInclude>
    <ClInclude Include="HLSLParser\HLSLType.h">
      <Filter>Header Files</Filter>
    </ClInclude>
  </ItemGroup>
  <ItemGroup>
    <ClCompile Include="ShaderBundler.cpp">
      <Filter>Source Files</Filter>
    </ClCompile>
    <ClCompile Include="JSON\json.cpp">
      <Filter>Source Files</Filter>
    </ClCompile>
    <ClCompile Include="Bundle\BundleDefinition.cpp">
      <Filter>Source Files</Filter>
    </ClCompile>
    <ClCompile Include="Bundle\Bundle.cpp">
      <Filter>Source Files</Filter>
    </ClCompile>
    <ClCompile Include="Bundle\HLSLCompiler.cpp">
      <Filter>Source Files</Filter>
    </ClCompile>
    <ClCompile Include="Bundle\GLSLBundler.cpp">
      <Filter>Source Files</Filter>
    </ClCompile>
    <ClCompile Include="Bundle\FileNotFoundException.cpp">
      <Filter>Source Files</Filter>
    </ClCompile>
    <ClCompile Include="Bundle\BundlerFileHelper.cpp">
      <Filter>Source Files</Filter>
    </ClCompile>
    <ClCompile Include="HLSLParser\HLSLParser.cpp">
      <Filter>Source Files</Filter>
    </ClCompile>
    <ClCompile Include="HLSLParser\HLSLTokenizer.cpp">
      <Filter>Source Files</Filter>
    </ClCompile>
    <ClCompile Include="HLSLParser\HLSLToken.cpp">
      <Filter>Source Files</Filter>
    </ClCompile>
    <ClCompile Include="HLSLParser\HLSLParserException.cpp">
      <Filter>Source Files</Filter>
    </ClCompile>
    <ClCompile Include="HLSLParser\Preprocessor\Preprocessor.cpp">
      <Filter>Source Files</Filter>
    </ClCompile>
    <ClCompile Include="HLSLParser\Preprocessor\BinaryOperatorNode.cpp">
      <Filter>Source Files</Filter>
    </ClCompile>
    <ClCompile Include="HLSLParser\Preprocessor\DirectiveNode.cpp">
      <Filter>Source Files</Filter>
    </ClCompile>
    <ClCompile Include="HLSLParser\Preprocessor\Exception.cpp">
      <Filter>Source Files</Filter>
    </ClCompile>
    <ClCompile Include="HLSLParser\Preprocessor\ExpressionNode.cpp">
      <Filter>Source Files</Filter>
    </ClCompile>
    <ClCompile Include="HLSLParser\Preprocessor\Macro.cpp">
      <Filter>Source Files</Filter>
    </ClCompile>
    <ClCompile Include="HLSLParser\Preprocessor\Node.cpp">
      <Filter>Source Files</Filter>
    </ClCompile>
    <ClCompile Include="HLSLParser\Preprocessor\NodeVisitor.cpp">
      <Filter>Source Files</Filter>
    </ClCompile>
    <ClCompile Include="HLSLParser\Preprocessor\Tokenizer.cpp">
      <Filter>Source Files</Filter>
    </ClCompile>
    <ClCompile Include="HLSLParser\Preprocessor\UnaryOperatorNode.cpp">
      <Filter>Source Files</Filter>
    </ClCompile>
    <ClCompile Include="HLSLParser\Preprocessor\GenerateOutputVisitor.cpp">
      <Filter>Source Files</Filter>
    </ClCompile>
    <ClCompile Include="HLSLParser\Preprocessor\IncludeHandler.cpp">
      <Filter>Source Files</Filter>
    </ClCompile>
    <ClCompile Include="HLSLParser\Preprocessor\EvaluateVisitor.cpp">
      <Filter>Source Files</Filter>
    </ClCompile>
    <ClCompile Include="HLSLParser\HLSLNode.cpp">
      <Filter>Source Files</Filter>
    </ClCompile>
    <ClCompile Include="HLSLParser\HLSLFlowControlNode.cpp">
      <Filter>Source Files</Filter>
    </ClCompile>
    <ClCompile Include="HLSLParser\HLSLExpressionNode.cpp">
      <Filter>Source Files</Filter>
    </ClCompile>
    <ClCompile Include="HLSLParser\HLSLStatementNode.cpp">
      <Filter>Source Files</Filter>
    </ClCompile>
    <ClCompile Include="HLSLParser\HLSLUnaryOperator.cpp">
      <Filter>Source Files</Filter>
    </ClCompile>
    <ClCompile Include="HLSLParser\HLSLBinaryOperatorNode.cpp">
      <Filter>Source Files</Filter>
    </ClCompile>
    <ClCompile Include="HLSLParser\HLSLPostfixNode.cpp">
      <Filter>Source Files</Filter>
    </ClCompile>
    <ClCompile Include="HLSLParser\HLSLTypeNode.cpp">
      <Filter>Source Files</Filter>
    </ClCompile>
    <ClCompile Include="HLSLParser\HLSLNodeVisitor.cpp">
      <Filter>Source Files</Filter>
    </ClCompile>
    <ClCompile Include="HLSLParser\GLSLGenerator\GLSLGenerator.cpp">
      <Filter>Source Files</Filter>
    </ClCompile>
    <ClCompile Include="HLSLParser\GLSLGenerator\GLSLTypeStorage.cpp">
      <Filter>Source Files</Filter>
    </ClCompile>
    <ClCompile Include="HLSLParser\HLSLPrefixNode.cpp">
      <Filter>Source Files</Filter>
    </ClCompile>
    <ClCompile Include="HLSLParser\HLSLTypeVisitor.cpp">
      <Filter>Source Files</Filter>
    </ClCompile>
    <ClCompile Include="HLSLParser\HLSLType.cpp">
      <Filter>Source Files</Filter>
    </ClCompile>
  </ItemGroup>
  <ItemGroup>
    <None Include="testing.json" />
    <None Include="Testing.vert" />
    <None Include="IncludeTest.hlsli" />
    <None Include="FolderTest\IncludeMe.hlsli" />
    <None Include="FolderTest\SubInclude.hlsli" />
  </ItemGroup>
  <ItemGroup>
    <FxCompile Include="Testing.hlsl" />
  </ItemGroup>
</Project>